{
  "name": "link_test",
  "version": "1.0.0",
  "lockfileVersion": 1,
  "requires": true,
  "dependencies": {
    "@rails/activestorage": {
      "version": "7.0.6",
      "resolved": "https://registry.npmjs.org/@rails/activestorage/-/activestorage-7.0.6.tgz",
      "integrity": "sha512-sLr5Uj8cnWkX9lLV7wk8mIVFt6XFOJR7mAXm0QmDnrR/YGMF4Ho5tcVRUHzlyAisRQcHp6D0zHSVgOUukF8OHg==",
      "requires": {
        "spark-md5": "^3.0.1"
      }
    },
    "spark-md5": {
      "version": "3.0.2",
      "resolved": "https://registry.npmjs.org/spark-md5/-/spark-md5-3.0.2.tgz",
      "integrity": "sha512-wcFzz9cDfbuqe0FZzfi2or1sgyIrsDwmPwfZC4hiNidPdPINjeUwNfv5kldczoEAcjl9Y1L3SM7Uz2PUEQzxQw=="
    }
  }
}
